
Microsoft Visual Studio Solution File, Format Version 12.00
# Visual Studio Version 17
VisualStudioVersion = 17.11.35222.181
MinimumVisualStudioVersion = 10.0.40219.1
Project("{9A19103F-16F7-4668-BE54-9A1E7A4F7556}") = "PBO_B02", "PBO_B02.csproj", "{DFBD5FF6-71C3-416A-857B-61A0A3624ABB}"
EndProject
Global
	GlobalSection(SolutionConfigurationPlatforms) = preSolution
		Debug|Any CPU = Debug|Any CPU
		Release|Any CPU = Release|Any CPU
	EndGlobalSection
	GlobalSection(ProjectConfigurationPlatforms) = postSolution
		{DFBD5FF6-71C3-416A-857B-61A0A3624ABB}.Debug|Any CPU.ActiveCfg = Debug|Any CPU
		{DFBD5FF6-71C3-416A-857B-61A0A3624ABB}.Debug|Any CPU.Build.0 = Debug|Any CPU
		{DFBD5FF6-71C3-416A-857B-61A0A3624ABB}.Release|Any CPU.ActiveCfg = Release|Any CPU
		{DFBD5FF6-71C3-416A-857B-61A0A3624ABB}.Release|Any CPU.Build.0 = Release|Any CPU
	EndGlobalSection
	GlobalSection(SolutionProperties) = preSolution
		HideSolutionNode = FALSE
	EndGlobalSection
	GlobalSection(ExtensibilityGlobals) = postSolution
		SolutionGuid = {3C50649A-48BB-49B7-9291-B7DF9C0ADF28}
	EndGlobalSection
EndGlobal
