
Microsoft Visual Studio Solution File, Format Version 12.00
# Visual Studio Version 17
VisualStudioVersion = 17.11.35312.102
MinimumVisualStudioVersion = 10.0.40219.1
Project("{FAE04EC0-301F-11D3-BF4B-00C04F79EFBC}") = "PROJECT PBO", "..\PROJECT PBO\PROJECT PBO.csproj", "{853A8DBB-3FAA-46F8-8336-8791BFC98C9C}"
EndProject
Global
	GlobalSection(SolutionConfigurationPlatforms) = preSolution
		Debug|Any CPU = Debug|Any CPU
		Release|Any CPU = Release|Any CPU
	EndGlobalSection
	GlobalSection(ProjectConfigurationPlatforms) = postSolution
		{853A8DBB-3FAA-46F8-8336-8791BFC98C9C}.Debug|Any CPU.ActiveCfg = Debug|Any CPU
		{853A8DBB-3FAA-46F8-8336-8791BFC98C9C}.Debug|Any CPU.Build.0 = Debug|Any CPU
		{853A8DBB-3FAA-46F8-8336-8791BFC98C9C}.Release|Any CPU.ActiveCfg = Release|Any CPU
		{853A8DBB-3FAA-46F8-8336-8791BFC98C9C}.Release|Any CPU.Build.0 = Release|Any CPU
	EndGlobalSection
	GlobalSection(SolutionProperties) = preSolution
		HideSolutionNode = FALSE
	EndGlobalSection
	GlobalSection(ExtensibilityGlobals) = postSolution
		SolutionGuid = {7667E4A5-867E-4485-955E-50FCB78AF3AE}
	EndGlobalSection
EndGlobal
